
Microsoft Visual Studio Solution File, Format Version 12.00
# Visual Studio 2015
Project("{FAE04EC0-301F-11D3-BF4B-00C04F79EFBC}") = "OpenVRTwitchChat.CSharp.Plugins", "OpenVRTwitchChat.CSharp.Plugins.csproj", "{CF3A2ED3-EF5F-DE6E-1CFB-0A704550BB44}"
EndProject
Project("{FAE04EC0-301F-11D3-BF4B-00C04F79EFBC}") = "OpenVRTwitchChat.CSharp", "OpenVRTwitchChat.CSharp.csproj", "{CCECC27C-28B2-EE5B-B0F8-36B149125DE4}"
EndProject
Project("{FAE04EC0-301F-11D3-BF4B-00C04F79EFBC}") = "OpenVRTwitchChat.CSharp.Editor", "OpenVRTwitchChat.CSharp.Editor.csproj", "{1163825A-00DA-A41F-E657-14B5F57E215D}"
EndProject
Global
	GlobalSection(SolutionConfigurationPlatforms) = preSolution
		Debug|Any CPU = Debug|Any CPU
		Release|Any CPU = Release|Any CPU
	EndGlobalSection
	GlobalSection(ProjectConfigurationPlatforms) = postSolution
		{CF3A2ED3-EF5F-DE6E-1CFB-0A704550BB44}.Debug|Any CPU.ActiveCfg = Debug|Any CPU
		{CF3A2ED3-EF5F-DE6E-1CFB-0A704550BB44}.Debug|Any CPU.Build.0 = Debug|Any CPU
		{CF3A2ED3-EF5F-DE6E-1CFB-0A704550BB44}.Release|Any CPU.ActiveCfg = Release|Any CPU
		{CF3A2ED3-EF5F-DE6E-1CFB-0A704550BB44}.Release|Any CPU.Build.0 = Release|Any CPU
		{CCECC27C-28B2-EE5B-B0F8-36B149125DE4}.Debug|Any CPU.ActiveCfg = Debug|Any CPU
		{CCECC27C-28B2-EE5B-B0F8-36B149125DE4}.Debug|Any CPU.Build.0 = Debug|Any CPU
		{CCECC27C-28B2-EE5B-B0F8-36B149125DE4}.Release|Any CPU.ActiveCfg = Release|Any CPU
		{CCECC27C-28B2-EE5B-B0F8-36B149125DE4}.Release|Any CPU.Build.0 = Release|Any CPU
		{1163825A-00DA-A41F-E657-14B5F57E215D}.Debug|Any CPU.ActiveCfg = Debug|Any CPU
		{1163825A-00DA-A41F-E657-14B5F57E215D}.Debug|Any CPU.Build.0 = Debug|Any CPU
		{1163825A-00DA-A41F-E657-14B5F57E215D}.Release|Any CPU.ActiveCfg = Release|Any CPU
		{1163825A-00DA-A41F-E657-14B5F57E215D}.Release|Any CPU.Build.0 = Release|Any CPU
	EndGlobalSection
	GlobalSection(SolutionProperties) = preSolution
		HideSolutionNode = FALSE
	EndGlobalSection
EndGlobal
